
Microsoft Visual Studio Solution File, Format Version 12.00
Project("{FAE04EC0-301F-11D3-BF4B-00C04F79EFBC}") = "Stack", "Stack\Stack.csproj", "{BBD97ACC-5FA8-478B-9CCF-FD2BAD1E155D}"
EndProject
Project("{FAE04EC0-301F-11D3-BF4B-00C04F79EFBC}") = "ConsoleStack", "ConsoleStack\ConsoleStack.csproj", "{D4E635EE-7D9E-4C03-A4F9-0637F7BD4B4C}"
EndProject
Global
	GlobalSection(SolutionConfigurationPlatforms) = preSolution
		Debug|Any CPU = Debug|Any CPU
		Release|Any CPU = Release|Any CPU
	EndGlobalSection
	GlobalSection(ProjectConfigurationPlatforms) = postSolution
		{BBD97ACC-5FA8-478B-9CCF-FD2BAD1E155D}.Debug|Any CPU.ActiveCfg = Debug|Any CPU
		{BBD97ACC-5FA8-478B-9CCF-FD2BAD1E155D}.Debug|Any CPU.Build.0 = Debug|Any CPU
		{BBD97ACC-5FA8-478B-9CCF-FD2BAD1E155D}.Release|Any CPU.ActiveCfg = Release|Any CPU
		{BBD97ACC-5FA8-478B-9CCF-FD2BAD1E155D}.Release|Any CPU.Build.0 = Release|Any CPU
		{D4E635EE-7D9E-4C03-A4F9-0637F7BD4B4C}.Debug|Any CPU.ActiveCfg = Debug|Any CPU
		{D4E635EE-7D9E-4C03-A4F9-0637F7BD4B4C}.Debug|Any CPU.Build.0 = Debug|Any CPU
		{D4E635EE-7D9E-4C03-A4F9-0637F7BD4B4C}.Release|Any CPU.ActiveCfg = Release|Any CPU
		{D4E635EE-7D9E-4C03-A4F9-0637F7BD4B4C}.Release|Any CPU.Build.0 = Release|Any CPU
	EndGlobalSection
EndGlobal
